// !$*UTF8*$!
{
	archiveVersion = 1;
	classes = {
	};
	objectVersion = 46;
	objects = {

/* Begin PBXBuildFile section */
		55A5F1881EE688CF00C39509 /* main.m in Sources */ = {isa = PBXBuildFile; fileRef = 55A5F1871EE688CF00C39509 /* main.m */; };
		55A5F18B1EE688CF00C39509 /* AppDelegate.m in Sources */ = {isa = PBXBuildFile; fileRef = 55A5F18A1EE688CF00C39509 /* AppDelegate.m */; };
		55A5F1931EE688CF00C39509 /* Assets.xcassets in Resources */ = {isa = PBXBuildFile; fileRef = 55A5F1921EE688CF00C39509 /* Assets.xcassets */; };
		55A5F1961EE688CF00C39509 /* LaunchScreen.storyboard in Resources */ = {isa = PBXBuildFile; fileRef = 55A5F1941EE688CF00C39509 /* LaunchScreen.storyboard */; };
		55A5F1A11EE688CF00C39509 /* ZZQRCodeTests.m in Sources */ = {isa = PBXBuildFile; fileRef = 55A5F1A01EE688CF00C39509 /* ZZQRCodeTests.m */; };
		55A5F1AC1EE688CF00C39509 /* ZZQRCodeUITests.m in Sources */ = {isa = PBXBuildFile; fileRef = 55A5F1AB1EE688CF00C39509 /* ZZQRCodeUITests.m */; };
		55A5F1BE1EE68A2E00C39509 /* ZZScanningViewController.m in Sources */ = {isa = PBXBuildFile; fileRef = 55A5F1BD1EE68A2E00C39509 /* ZZScanningViewController.m */; };
		55A5F1C11EE68AE300C39509 /* ZZIdentifyViewController.m in Sources */ = {isa = PBXBuildFile; fileRef = 55A5F1C01EE68AE300C39509 /* ZZIdentifyViewController.m */; };
		55A5F1C41EE68AF300C39509 /* ZZCreateViewController.m in Sources */ = {isa = PBXBuildFile; fileRef = 55A5F1C31EE68AF300C39509 /* ZZCreateViewController.m */; };
		55A5F1C81EE68B5400C39509 /* ZZMaskView.m in Sources */ = {isa = PBXBuildFile; fileRef = 55A5F1C71EE68B5400C39509 /* ZZMaskView.m */; };
		55A5F1CB1EE69BE400C39509 /* ZZTextViewController.m in Sources */ = {isa = PBXBuildFile; fileRef = 55A5F1CA1EE69BE400C39509 /* ZZTextViewController.m */; };
		55A5F1D01EE6B5ED00C39509 /* UILabel+Copy.m in Sources */ = {isa = PBXBuildFile; fileRef = 55A5F1CF1EE6B5ED00C39509 /* UILabel+Copy.m */; };
		5B2EEEB28D853E64120F6638 /* libPods-ZZQRCode.a in Frameworks */ = {isa = PBXBuildFile; fileRef = 30EDA28A2DB991E9F922E0C3 /* libPods-ZZQRCode.a */; };
/* End PBXBuildFile section */

/* Begin PBXContainerItemProxy section */
		55A5F19D1EE688CF00C39509 /* PBXContainerItemProxy */ = {
			isa = PBXContainerItemProxy;
			containerPortal = 55A5F17B1EE688CF00C39509 /* Project object */;
			proxyType = 1;
			remoteGlobalIDString = 55A5F1821EE688CF00C39509;
			remoteInfo = ZZQRCode;
		};
		55A5F1A81EE688CF00C39509 /* PBXContainerItemProxy */ = {
			isa = PBXContainerItemProxy;
			containerPortal = 55A5F17B1EE688CF00C39509 /* Project object */;
			proxyType = 1;
			remoteGlobalIDString = 55A5F1821EE688CF00C39509;
			remoteInfo = ZZQRCode;
		};
/* End PBXContainerItemProxy section */

/* Begin PBXFileReference section */
		30EDA28A2DB991E9F922E0C3 /* libPods-ZZQRCode.a */ = {isa = PBXFileReference; explicitFileType = archive.ar; includeInIndex = 0; path = "libPods-ZZQRCode.a"; sourceTree = BUILT_PRODUCTS_DIR; };
		55A5F1831EE688CF00C39509 /* ZZQRCode.app */ = {isa = PBXFileReference; explicitFileType = wrapper.application; includeInIndex = 0; path = ZZQRCode.app; sourceTree = BUILT_PRODUCTS_DIR; };
		55A5F1871EE688CF00C39509 /* main.m */ = {isa = PBXFileReference; lastKnownFileType = sourcecode.c.objc; path = main.m; sourceTree = "<group>"; };
		55A5F1891EE688CF00C39509 /* AppDelegate.h */ = {isa = PBXFileReference; lastKnownFileType = sourcecode.c.h; path = AppDelegate.h; sourceTree = "<group>"; };
		55A5F18A1EE688CF00C39509 /* AppDelegate.m */ = {isa = PBXFileReference; lastKnownFileType = sourcecode.c.objc; path = AppDelegate.m; sourceTree = "<group>"; };
		55A5F1921EE688CF00C39509 /* Assets.xcassets */ = {isa = PBXFileReference; lastKnownFileType = folder.assetcatalog; path = Assets.xcassets; sourceTree = "<group>"; };
		55A5F1951EE688CF00C39509 /* Base */ = {isa = PBXFileReference; lastKnownFileType = file.storyboard; name = Base; path = Base.lproj/LaunchScreen.storyboard; sourceTree = "<group>"; };
		55A5F1971EE688CF00C39509 /* Info.plist */ = {isa = PBXFileReference; lastKnownFileType = text.plist.xml; path = Info.plist; sourceTree = "<group>"; };
		55A5F19C1EE688CF00C39509 /* ZZQRCodeTests.xctest */ = {isa = PBXFileReference; explicitFileType = wrapper.cfbundle; includeInIndex = 0; path = ZZQRCodeTests.xctest; sourceTree = BUILT_PRODUCTS_DIR; };
		55A5F1A01EE688CF00C39509 /* ZZQRCodeTests.m */ = {isa = PBXFileReference; lastKnownFileType = sourcecode.c.objc; path = ZZQRCodeTests.m; sourceTree = "<group>"; };
		55A5F1A21EE688CF00C39509 /* Info.plist */ = {isa = PBXFileReference; lastKnownFileType = text.plist.xml; path = Info.plist; sourceTree = "<group>"; };
		55A5F1A71EE688CF00C39509 /* ZZQRCodeUITests.xctest */ = {isa = PBXFileReference; explicitFileType = wrapper.cfbundle; includeInIndex = 0; path = ZZQRCodeUITests.xctest; sourceTree = BUILT_PRODUCTS_DIR; };
		55A5F1AB1EE688CF00C39509 /* ZZQRCodeUITests.m */ = {isa = PBXFileReference; lastKnownFileType = sourcecode.c.objc; path = ZZQRCodeUITests.m; sourceTree = "<group>"; };
		55A5F1AD1EE688CF00C39509 /* Info.plist */ = {isa = PBXFileReference; lastKnownFileType = text.plist.xml; path = Info.plist; sourceTree = "<group>"; };
		55A5F1BC1EE68A2E00C39509 /* ZZScanningViewController.h */ = {isa = PBXFileReference; fileEncoding = 4; lastKnownFileType = sourcecode.c.h; path = ZZScanningViewController.h; sourceTree = "<group>"; };
		55A5F1BD1EE68A2E00C39509 /* ZZScanningViewController.m */ = {isa = PBXFileReference; fileEncoding = 4; lastKnownFileType = sourcecode.c.objc; path = ZZScanningViewController.m; sourceTree = "<group>"; };
		55A5F1BF1EE68AE300C39509 /* ZZIdentifyViewController.h */ = {isa = PBXFileReference; fileEncoding = 4; lastKnownFileType = sourcecode.c.h; path = ZZIdentifyViewController.h; sourceTree = "<group>"; };
		55A5F1C01EE68AE300C39509 /* ZZIdentifyViewController.m */ = {isa = PBXFileReference; fileEncoding = 4; lastKnownFileType = sourcecode.c.objc; path = ZZIdentifyViewController.m; sourceTree = "<group>"; };
		55A5F1C21EE68AF300C39509 /* ZZCreateViewController.h */ = {isa = PBXFileReference; fileEncoding = 4; lastKnownFileType = sourcecode.c.h; path = ZZCreateViewController.h; sourceTree = "<group>"; };
		55A5F1C31EE68AF300C39509 /* ZZCreateViewController.m */ = {isa = PBXFileReference; fileEncoding = 4; lastKnownFileType = sourcecode.c.objc; path = ZZCreateViewController.m; sourceTree = "<group>"; };
		55A5F1C61EE68B5400C39509 /* ZZMaskView.h */ = {isa = PBXFileReference; fileEncoding = 4; lastKnownFileType = sourcecode.c.h; path = ZZMaskView.h; sourceTree = "<group>"; };
		55A5F1C71EE68B5400C39509 /* ZZMaskView.m */ = {isa = PBXFileReference; fileEncoding = 4; lastKnownFileType = sourcecode.c.objc; path = ZZMaskView.m; sourceTree = "<group>"; };
		55A5F1C91EE69BE400C39509 /* ZZTextViewController.h */ = {isa = PBXFileReference; fileEncoding = 4; lastKnownFileType = sourcecode.c.h; path = ZZTextViewController.h; sourceTree = "<group>"; };
		55A5F1CA1EE69BE400C39509 /* ZZTextViewController.m */ = {isa = PBXFileReference; fileEncoding = 4; lastKnownFileType = sourcecode.c.objc; path = ZZTextViewController.m; sourceTree = "<group>"; };
		55A5F1CC1EE6B01900C39509 /* ZZQRCode-Prefix.pch */ = {isa = PBXFileReference; lastKnownFileType = sourcecode.c.h; path = "ZZQRCode-Prefix.pch"; sourceTree = "<group>"; };
		55A5F1CE1EE6B5ED00C39509 /* UILabel+Copy.h */ = {isa = PBXFileReference; fileEncoding = 4; lastKnownFileType = sourcecode.c.h; path = "UILabel+Copy.h"; sourceTree = "<group>"; };
		55A5F1CF1EE6B5ED00C39509 /* UILabel+Copy.m */ = {isa = PBXFileReference; fileEncoding = 4; lastKnownFileType = sourcecode.c.objc; path = "UILabel+Copy.m"; sourceTree = "<group>"; };
		93B94B3863A10AFF7A24E749 /* Pods-ZZQRCode.debug.xcconfig */ = {isa = PBXFileReference; includeInIndex = 1; lastKnownFileType = text.xcconfig; name = "Pods-ZZQRCode.debug.xcconfig"; path = "Pods/Target Support Files/Pods-ZZQRCode/Pods-ZZQRCode.debug.xcconfig"; sourceTree = "<group>"; };
		C8C76D64388899F45605B8B6 /* Pods-ZZQRCode.release.xcconfig */ = {isa = PBXFileReference; includeInIndex = 1; lastKnownFileType = text.xcconfig; name = "Pods-ZZQRCode.release.xcconfig"; path = "Pods/Target Support Files/Pods-ZZQRCode/Pods-ZZQRCode.release.xcconfig"; sourceTree = "<group>"; };
/* End PBXFileReference section */

/* Begin PBXFrameworksBuildPhase section */
		55A5F1801EE688CF00C39509 /* Frameworks */ = {
			isa = PBXFrameworksBuildPhase;
			buildActionMask = 2147483647;
			files = (
				5B2EEEB28D853E64120F6638 /* libPods-ZZQRCode.a in Frameworks */,
			);
			runOnlyForDeploymentPostprocessing = 0;
		};
		55A5F1991EE688CF00C39509 /* Frameworks */ = {
			isa = PBXFrameworksBuildPhase;
			buildActionMask = 2147483647;
			files = (
			);
			runOnlyForDeploymentPostprocessing = 0;
		};
		55A5F1A41EE688CF00C39509 /* Frameworks */ = {
			isa = PBXFrameworksBuildPhase;
			buildActionMask = 2147483647;
			files = (
			);
			runOnlyForDeploymentPostprocessing = 0;
		};
/* End PBXFrameworksBuildPhase section */

/* Begin PBXGroup section */
		43C50646713C964F267DE0EC /* Pods */ = {
			isa = PBXGroup;
			children = (
				93B94B3863A10AFF7A24E749 /* Pods-ZZQRCode.debug.xcconfig */,
				C8C76D64388899F45605B8B6 /* Pods-ZZQRCode.release.xcconfig */,
			);
			name = Pods;
			sourceTree = "<group>";
		};
		55A5F17A1EE688CF00C39509 = {
			isa = PBXGroup;
			children = (
				55A5F1851EE688CF00C39509 /* ZZQRCode */,
				55A5F19F1EE688CF00C39509 /* ZZQRCodeTests */,
				55A5F1AA1EE688CF00C39509 /* ZZQRCodeUITests */,
				55A5F1841EE688CF00C39509 /* Products */,
				43C50646713C964F267DE0EC /* Pods */,
				D98CBB618A49D959887EDE0A /* Frameworks */,
			);
			sourceTree = "<group>";
		};
		55A5F1841EE688CF00C39509 /* Products */ = {
			isa = PBXGroup;
			children = (
				55A5F1831EE688CF00C39509 /* ZZQRCode.app */,
				55A5F19C1EE688CF00C39509 /* ZZQRCodeTests.xctest */,
				55A5F1A71EE688CF00C39509 /* ZZQRCodeUITests.xctest */,
			);
			name = Products;
			sourceTree = "<group>";
		};
		55A5F1851EE688CF00C39509 /* ZZQRCode */ = {
			isa = PBXGroup;
			children = (
				55A5F1B91EE689F100C39509 /* Create */,
				55A5F1BA1EE689F100C39509 /* Identify */,
				55A5F1BB1EE689F100C39509 /* Scanning */,
				55A5F1891EE688CF00C39509 /* AppDelegate.h */,
				55A5F18A1EE688CF00C39509 /* AppDelegate.m */,
				55A5F1CD1EE6B5ED00C39509 /* Category */,
				55A5F1921EE688CF00C39509 /* Assets.xcassets */,
				55A5F1941EE688CF00C39509 /* LaunchScreen.storyboard */,
				55A5F1971EE688CF00C39509 /* Info.plist */,
				55A5F1861EE688CF00C39509 /* Supporting Files */,
			);
			path = ZZQRCode;
			sourceTree = "<group>";
		};
		55A5F1861EE688CF00C39509 /* Supporting Files */ = {
			isa = PBXGroup;
			children = (
				55A5F1871EE688CF00C39509 /* main.m */,
				55A5F1CC1EE6B01900C39509 /* ZZQRCode-Prefix.pch */,
			);
			name = "Supporting Files";
			sourceTree = "<group>";
		};
		55A5F19F1EE688CF00C39509 /* ZZQRCodeTests */ = {
			isa = PBXGroup;
			children = (
				55A5F1A01EE688CF00C39509 /* ZZQRCodeTests.m */,
				55A5F1A21EE688CF00C39509 /* Info.plist */,
			);
			path = ZZQRCodeTests;
			sourceTree = "<group>";
		};
		55A5F1AA1EE688CF00C39509 /* ZZQRCodeUITests */ = {
			isa = PBXGroup;
			children = (
				55A5F1AB1EE688CF00C39509 /* ZZQRCodeUITests.m */,
				55A5F1AD1EE688CF00C39509 /* Info.plist */,
			);
			path = ZZQRCodeUITests;
			sourceTree = "<group>";
		};
		55A5F1B91EE689F100C39509 /* Create */ = {
			isa = PBXGroup;
			children = (
				55A5F1C21EE68AF300C39509 /* ZZCreateViewController.h */,
				55A5F1C31EE68AF300C39509 /* ZZCreateViewController.m */,
			);
			path = Create;
			sourceTree = "<group>";
		};
		55A5F1BA1EE689F100C39509 /* Identify */ = {
			isa = PBXGroup;
			children = (
				55A5F1BF1EE68AE300C39509 /* ZZIdentifyViewController.h */,
				55A5F1C01EE68AE300C39509 /* ZZIdentifyViewController.m */,
			);
			path = Identify;
			sourceTree = "<group>";
		};
		55A5F1BB1EE689F100C39509 /* Scanning */ = {
			isa = PBXGroup;
			children = (
				55A5F1C51EE68B1400C39509 /* View */,
				55A5F1BC1EE68A2E00C39509 /* ZZScanningViewController.h */,
				55A5F1BD1EE68A2E00C39509 /* ZZScanningViewController.m */,
				55A5F1C91EE69BE400C39509 /* ZZTextViewController.h */,
				55A5F1CA1EE69BE400C39509 /* ZZTextViewController.m */,
			);
			path = Scanning;
			sourceTree = "<group>";
		};
		55A5F1C51EE68B1400C39509 /* View */ = {
			isa = PBXGroup;
			children = (
				55A5F1C61EE68B5400C39509 /* ZZMaskView.h */,
				55A5F1C71EE68B5400C39509 /* ZZMaskView.m */,
			);
			path = View;
			sourceTree = "<group>";
		};
		55A5F1CD1EE6B5ED00C39509 /* Category */ = {
			isa = PBXGroup;
			children = (
				55A5F1CE1EE6B5ED00C39509 /* UILabel+Copy.h */,
				55A5F1CF1EE6B5ED00C39509 /* UILabel+Copy.m */,
			);
			path = Category;
			sourceTree = "<group>";
		};
		D98CBB618A49D959887EDE0A /* Frameworks */ = {
			isa = PBXGroup;
			children = (
				30EDA28A2DB991E9F922E0C3 /* libPods-ZZQRCode.a */,
			);
			name = Frameworks;
			sourceTree = "<group>";
		};
/* End PBXGroup section */

/* Begin PBXNativeTarget section */
		55A5F1821EE688CF00C39509 /* ZZQRCode */ = {
			isa = PBXNativeTarget;
			buildConfigurationList = 55A5F1B01EE688CF00C39509 /* Build configuration list for PBXNativeTarget "ZZQRCode" */;
			buildPhases = (
				C26F3E1A3A39A3FE39439D3D /* [CP] Check Pods Manifest.lock */,
				55A5F17F1EE688CF00C39509 /* Sources */,
				55A5F1801EE688CF00C39509 /* Frameworks */,
				55A5F1811EE688CF00C39509 /* Resources */,
				1BC125B749E12D7FAFEB640D /* [CP] Embed Pods Frameworks */,
				E84C5FAAF29C1EF851698C64 /* [CP] Copy Pods Resources */,
			);
			buildRules = (
			);
			dependencies = (
			);
			name = ZZQRCode;
			productName = ZZQRCode;
			productReference = 55A5F1831EE688CF00C39509 /* ZZQRCode.app */;
			productType = "com.apple.product-type.application";
		};
		55A5F19B1EE688CF00C39509 /* ZZQRCodeTests */ = {
			isa = PBXNativeTarget;
			buildConfigurationList = 55A5F1B31EE688CF00C39509 /* Build configuration list for PBXNativeTarget "ZZQRCodeTests" */;
			buildPhases = (
				55A5F1981EE688CF00C39509 /* Sources */,
				55A5F1991EE688CF00C39509 /* Frameworks */,
				55A5F19A1EE688CF00C39509 /* Resources */,
			);
			buildRules = (
			);
			dependencies = (
				55A5F19E1EE688CF00C39509 /* PBXTargetDependency */,
			);
			name = ZZQRCodeTests;
			productName = ZZQRCodeTests;
			productReference = 55A5F19C1EE688CF00C39509 /* ZZQRCodeTests.xctest */;
			productType = "com.apple.product-type.bundle.unit-test";
		};
		55A5F1A61EE688CF00C39509 /* ZZQRCodeUITests */ = {
			isa = PBXNativeTarget;
			buildConfigurationList = 55A5F1B61EE688CF00C39509 /* Build configuration list for PBXNativeTarget "ZZQRCodeUITests" */;
			buildPhases = (
				55A5F1A31EE688CF00C39509 /* Sources */,
				55A5F1A41EE688CF00C39509 /* Frameworks */,
				55A5F1A51EE688CF00C39509 /* Resources */,
			);
			buildRules = (
			);
			dependencies = (
				55A5F1A91EE688CF00C39509 /* PBXTargetDependency */,
			);
			name = ZZQRCodeUITests;
			productName = ZZQRCodeUITests;
			productReference = 55A5F1A71EE688CF00C39509 /* ZZQRCodeUITests.xctest */;
			productType = "com.apple.product-type.bundle.ui-testing";
		};
/* End PBXNativeTarget section */

/* Begin PBXProject section */
		55A5F17B1EE688CF00C39509 /* Project object */ = {
			isa = PBXProject;
			attributes = {
				CLASSPREFIX = ZZ;
				LastUpgradeCheck = 0830;
				ORGANIZATIONNAME = user;
				TargetAttributes = {
					55A5F1821EE688CF00C39509 = {
						CreatedOnToolsVersion = 8.3.2;
						DevelopmentTeam = XBD2EDB9AY;
						ProvisioningStyle = Automatic;
					};
					55A5F19B1EE688CF00C39509 = {
						CreatedOnToolsVersion = 8.3.2;
						DevelopmentTeam = XBD2EDB9AY;
						ProvisioningStyle = Automatic;
						TestTargetID = 55A5F1821EE688CF00C39509;
					};
					55A5F1A61EE688CF00C39509 = {
						CreatedOnToolsVersion = 8.3.2;
						DevelopmentTeam = XBD2EDB9AY;
						ProvisioningStyle = Automatic;
						TestTargetID = 55A5F1821EE688CF00C39509;
					};
				};
			};
			buildConfigurationList = 55A5F17E1EE688CF00C39509 /* Build configuration list for PBXProject "ZZQRCode" */;
			compatibilityVersion = "Xcode 3.2";
			developmentRegion = English;
			hasScannedForEncodings = 0;
			knownRegions = (
				en,
				Base,
			);
			mainGroup = 55A5F17A1EE688CF00C39509;
			productRefGroup = 55A5F1841EE688CF00C39509 /* Products */;
			projectDirPath = "";
			projectRoot = "";
			targets = (
				55A5F1821EE688CF00C39509 /* ZZQRCode */,
				55A5F19B1EE688CF00C39509 /* ZZQRCodeTests */,
				55A5F1A61EE688CF00C39509 /* ZZQRCodeUITests */,
			);
		};
/* End PBXProject section */

/* Begin PBXResourcesBuildPhase section */
		55A5F1811EE688CF00C39509 /* Resources */ = {
			isa = PBXResourcesBuildPhase;
			buildActionMask = 2147483647;
			files = (
				55A5F1961EE688CF00C39509 /* LaunchScreen.storyboard in Resources */,
				55A5F1931EE688CF00C39509 /* Assets.xcassets in Resources */,
			);
			runOnlyForDeploymentPostprocessing = 0;
		};
		55A5F19A1EE688CF00C39509 /* Resources */ = {
			isa = PBXResourcesBuildPhase;
			buildActionMask = 2147483647;
			files = (
			);
			runOnlyForDeploymentPostprocessing = 0;
		};
		55A5F1A51EE688CF00C39509 /* Resources */ = {
			isa = PBXResourcesBuildPhase;
			buildActionMask = 2147483647;
			files = (
			);
			runOnlyForDeploymentPostprocessing = 0;
		};
/* End PBXResourcesBuildPhase section */

/* Begin PBXShellScriptBuildPhase section */
		1BC125B749E12D7FAFEB640D /* [CP] Embed Pods Frameworks */ = {
			isa = PBXShellScriptBuildPhase;
			buildActionMask = 2147483647;
			files = (
			);
			inputPaths = (
			);
			name = "[CP] Embed Pods Frameworks";
			outputPaths = (
			);
			runOnlyForDeploymentPostprocessing = 0;
			shellPath = /bin/sh;
			shellScript = "\"${SRCROOT}/Pods/Target Support Files/Pods-ZZQRCode/Pods-ZZQRCode-frameworks.sh\"\n";
			showEnvVarsInLog = 0;
		};
		C26F3E1A3A39A3FE39439D3D /* [CP] Check Pods Manifest.lock */ = {
			isa = PBXShellScriptBuildPhase;
			buildActionMask = 2147483647;
			files = (
			);
			inputPaths = (
			);
			name = "[CP] Check Pods Manifest.lock";
			outputPaths = (
			);
			runOnlyForDeploymentPostprocessing = 0;
			shellPath = /bin/sh;
			shellScript = "diff \"${PODS_ROOT}/../Podfile.lock\" \"${PODS_ROOT}/Manifest.lock\" > /dev/null\nif [ $? != 0 ] ; then\n    # print error to STDERR\n    echo \"error: The sandbox is not in sync with the Podfile.lock. Run 'pod install' or update your CocoaPods installation.\" >&2\n    exit 1\nfi\n";
			showEnvVarsInLog = 0;
		};
		E84C5FAAF29C1EF851698C64 /* [CP] Copy Pods Resources */ = {
			isa = PBXShellScriptBuildPhase;
			buildActionMask = 2147483647;
			files = (
			);
			inputPaths = (
			);
			name = "[CP] Copy Pods Resources";
			outputPaths = (
			);
			runOnlyForDeploymentPostprocessing = 0;
			shellPath = /bin/sh;
			shellScript = "\"${SRCROOT}/Pods/Target Support Files/Pods-ZZQRCode/Pods-ZZQRCode-resources.sh\"\n";
			showEnvVarsInLog = 0;
		};
/* End PBXShellScriptBuildPhase section */

/* Begin PBXSourcesBuildPhase section */
		55A5F17F1EE688CF00C39509 /* Sources */ = {
			isa = PBXSourcesBuildPhase;
			buildActionMask = 2147483647;
			files = (
				55A5F1C11EE68AE300C39509 /* ZZIdentifyViewController.m in Sources */,
				55A5F18B1EE688CF00C39509 /* AppDelegate.m in Sources */,
				55A5F1CB1EE69BE400C39509 /* ZZTextViewController.m in Sources */,
				55A5F1BE1EE68A2E00C39509 /* ZZScanningViewController.m in Sources */,
				55A5F1881EE688CF00C39509 /* main.m in Sources */,
				55A5F1D01EE6B5ED00C39509 /* UILabel+Copy.m in Sources */,
				55A5F1C81EE68B5400C39509 /* ZZMaskView.m in Sources */,
				55A5F1C41EE68AF300C39509 /* ZZCreateViewController.m in Sources */,
			);
			runOnlyForDeploymentPostprocessing = 0;
		};
		55A5F1981EE688CF00C39509 /* Sources */ = {
			isa = PBXSourcesBuildPhase;
			buildActionMask = 2147483647;
			files = (
				55A5F1A11EE688CF00C39509 /* ZZQRCodeTests.m in Sources */,
			);
			runOnlyForDeploymentPostprocessing = 0;
		};
		55A5F1A31EE688CF00C39509 /* Sources */ = {
			isa = PBXSourcesBuildPhase;
			buildActionMask = 2147483647;
			files = (
				55A5F1AC1EE688CF00C39509 /* ZZQRCodeUITests.m in Sources */,
			);
			runOnlyForDeploymentPostprocessing = 0;
		};
/* End PBXSourcesBuildPhase section */

/* Begin PBXTargetDependency section */
		55A5F19E1EE688CF00C39509 /* PBXTargetDependency */ = {
			isa = PBXTargetDependency;
			target = 55A5F1821EE688CF00C39509 /* ZZQRCode */;
			targetProxy = 55A5F19D1EE688CF00C39509 /* PBXContainerItemProxy */;
		};
		55A5F1A91EE688CF00C39509 /* PBXTargetDependency */ = {
			isa = PBXTargetDependency;
			target = 55A5F1821EE688CF00C39509 /* ZZQRCode */;
			targetProxy = 55A5F1A81EE688CF00C39509 /* PBXContainerItemProxy */;
		};
/* End PBXTargetDependency section */

/* Begin PBXVariantGroup section */
		55A5F1941EE688CF00C39509 /* LaunchScreen.storyboard */ = {
			isa = PBXVariantGroup;
			children = (
				55A5F1951EE688CF00C39509 /* Base */,
			);
			name = LaunchScreen.storyboard;
			sourceTree = "<group>";
		};
/* End PBXVariantGroup section */

/* Begin XCBuildConfiguration section */
		55A5F1AE1EE688CF00C39509 /* Debug */ = {
			isa = XCBuildConfiguration;
			buildSettings = {
				ALWAYS_SEARCH_USER_PATHS = NO;
				CLANG_ANALYZER_NONNULL = YES;
				CLANG_ANALYZER_NUMBER_OBJECT_CONVERSION = YES_AGGRESSIVE;
				CLANG_CXX_LANGUAGE_STANDARD = "gnu++0x";
				CLANG_CXX_LIBRARY = "libc++";
				CLANG_ENABLE_MODULES = YES;
				CLANG_ENABLE_OBJC_ARC = YES;
				CLANG_WARN_BOOL_CONVERSION = YES;
				CLANG_WARN_CONSTANT_CONVERSION = YES;
				CLANG_WARN_DIRECT_OBJC_ISA_USAGE = YES_ERROR;
				CLANG_WARN_DOCUMENTATION_COMMENTS = YES;
				CLANG_WARN_EMPTY_BODY = YES;
				CLANG_WARN_ENUM_CONVERSION = YES;
				CLANG_WARN_INFINITE_RECURSION = YES;
				CLANG_WARN_INT_CONVERSION = YES;
				CLANG_WARN_OBJC_ROOT_CLASS = YES_ERROR;
				CLANG_WARN_SUSPICIOUS_MOVE = YES;
				CLANG_WARN_UNREACHABLE_CODE = YES;
				CLANG_WARN__DUPLICATE_METHOD_MATCH = YES;
				"CODE_SIGN_IDENTITY[sdk=iphoneos*]" = "iPhone Developer";
				COPY_PHASE_STRIP = NO;
				DEBUG_INFORMATION_FORMAT = dwarf;
				ENABLE_STRICT_OBJC_MSGSEND = YES;
				ENABLE_TESTABILITY = YES;
				GCC_C_LANGUAGE_STANDARD = gnu99;
				GCC_DYNAMIC_NO_PIC = NO;
				GCC_NO_COMMON_BLOCKS = YES;
				GCC_OPTIMIZATION_LEVEL = 0;
				GCC_PRECOMPILE_PREFIX_HEADER = YES;
				GCC_PREFIX_HEADER = "$(SRCROOT)/ZZQRCode/ZZQRCode-Prefix.pch";
				GCC_PREPROCESSOR_DEFINITIONS = (
					"DEBUG=1",
					"$(inherited)",
				);
				GCC_WARN_64_TO_32_BIT_CONVERSION = YES;
				GCC_WARN_ABOUT_RETURN_TYPE = YES_ERROR;
				GCC_WARN_UNDECLARED_SELECTOR = YES;
				GCC_WARN_UNINITIALIZED_AUTOS = YES_AGGRESSIVE;
				GCC_WARN_UNUSED_FUNCTION = YES;
				GCC_WARN_UNUSED_VARIABLE = YES;
				IPHONEOS_DEPLOYMENT_TARGET = 10.3;
				MTL_ENABLE_DEBUG_INFO = YES;
				ONLY_ACTIVE_ARCH = YES;
				SDKROOT = iphoneos;
			};
			name = Debug;
		};
		55A5F1AF1EE688CF00C39509 /* Release */ = {
			isa = XCBuildConfiguration;
			buildSettings = {
				ALWAYS_SEARCH_USER_PATHS = NO;
				CLANG_ANALYZER_NONNULL = YES;
				CLANG_ANALYZER_NUMBER_OBJECT_CONVERSION = YES_AGGRESSIVE;
				CLANG_CXX_LANGUAGE_STANDARD = "gnu++0x";
				CLANG_CXX_LIBRARY = "libc++";
				CLANG_ENABLE_MODULES = YES;
				CLANG_ENABLE_OBJC_ARC = YES;
				CLANG_WARN_BOOL_CONVERSION = YES;
				CLANG_WARN_CONSTANT_CONVERSION = YES;
				CLANG_WARN_DIRECT_OBJC_ISA_USAGE = YES_ERROR;
				CLANG_WARN_DOCUMENTATION_COMMENTS = YES;
				CLANG_WARN_EMPTY_BODY = YES;
				CLANG_WARN_ENUM_CONVERSION = YES;
				CLANG_WARN_INFINITE_RECURSION = YES;
				CLANG_WARN_INT_CONVERSION = YES;
				CLANG_WARN_OBJC_ROOT_CLASS = YES_ERROR;
				CLANG_WARN_SUSPICIOUS_MOVE = YES;
				CLANG_WARN_UNREACHABLE_CODE = YES;
				CLANG_WARN__DUPLICATE_METHOD_MATCH = YES;
				"CODE_SIGN_IDENTITY[sdk=iphoneos*]" = "iPhone Developer";
				COPY_PHASE_STRIP = NO;
				DEBUG_INFORMATION_FORMAT = "dwarf-with-dsym";
				ENABLE_NS_ASSERTIONS = NO;
				ENABLE_STRICT_OBJC_MSGSEND = YES;
				GCC_C_LANGUAGE_STANDARD = gnu99;
				GCC_NO_COMMON_BLOCKS = YES;
				GCC_PRECOMPILE_PREFIX_HEADER = YES;
				GCC_PREFIX_HEADER = "$(SRCROOT)/ZZQRCode/ZZQRCode-Prefix.pch";
				GCC_WARN_64_TO_32_BIT_CONVERSION = YES;
				GCC_WARN_ABOUT_RETURN_TYPE = YES_ERROR;
				GCC_WARN_UNDECLARED_SELECTOR = YES;
				GCC_WARN_UNINITIALIZED_AUTOS = YES_AGGRESSIVE;
				GCC_WARN_UNUSED_FUNCTION = YES;
				GCC_WARN_UNUSED_VARIABLE = YES;
				IPHONEOS_DEPLOYMENT_TARGET = 10.3;
				MTL_ENABLE_DEBUG_INFO = NO;
				SDKROOT = iphoneos;
				VALIDATE_PRODUCT = YES;
			};
			name = Release;
		};
		55A5F1B11EE688CF00C39509 /* Debug */ = {
			isa = XCBuildConfiguration;
			baseConfigurationReference = 93B94B3863A10AFF7A24E749 /* Pods-ZZQRCode.debug.xcconfig */;
			buildSettings = {
				ASSETCATALOG_COMPILER_APPICON_NAME = AppIcon;
				DEVELOPMENT_TEAM = XBD2EDB9AY;
				GCC_PRECOMPILE_PREFIX_HEADER = YES;
				GCC_PREFIX_HEADER = "$(SRCROOT)/ZZQRCode/ZZQRCode-Prefix.pch";
				INFOPLIST_FILE = ZZQRCode/Info.plist;
				LD_RUNPATH_SEARCH_PATHS = "$(inherited) @executable_path/Frameworks";
				PRODUCT_BUNDLE_IDENTIFIER = com.Allen.Yang.ZZQRCode;
				PRODUCT_NAME = "$(TARGET_NAME)";
			};
			name = Debug;
		};
		55A5F1B21EE688CF00C39509 /* Release */ = {
			isa = XCBuildConfiguration;
			baseConfigurationReference = C8C76D64388899F45605B8B6 /* Pods-ZZQRCode.release.xcconfig */;
			buildSettings = {
				ASSETCATALOG_COMPILER_APPICON_NAME = AppIcon;
				DEVELOPMENT_TEAM = XBD2EDB9AY;
				GCC_PRECOMPILE_PREFIX_HEADER = YES;
				GCC_PREFIX_HEADER = "$(SRCROOT)/ZZQRCode/ZZQRCode-Prefix.pch";
				INFOPLIST_FILE = ZZQRCode/Info.plist;
				LD_RUNPATH_SEARCH_PATHS = "$(inherited) @executable_path/Frameworks";
				PRODUCT_BUNDLE_IDENTIFIER = com.Allen.Yang.ZZQRCode;
				PRODUCT_NAME = "$(TARGET_NAME)";
			};
			name = Release;
		};
		55A5F1B41EE688CF00C39509 /* Debug */ = {
			isa = XCBuildConfiguration;
			buildSettings = {
				BUNDLE_LOADER = "$(TEST_HOST)";
				DEVELOPMENT_TEAM = XBD2EDB9AY;
				INFOPLIST_FILE = ZZQRCodeTests/Info.plist;
				LD_RUNPATH_SEARCH_PATHS = "$(inherited) @executable_path/Frameworks @loader_path/Frameworks";
				PRODUCT_BUNDLE_IDENTIFIER = com.Allen.Yang.ZZQRCodeTests;
				PRODUCT_NAME = "$(TARGET_NAME)";
				TEST_HOST = "$(BUILT_PRODUCTS_DIR)/ZZQRCode.app/ZZQRCode";
			};
			name = Debug;
		};
		55A5F1B51EE688CF00C39509 /* Release */ = {
			isa = XCBuildConfiguration;
			buildSettings = {
				BUNDLE_LOADER = "$(TEST_HOST)";
				DEVELOPMENT_TEAM = XBD2EDB9AY;
				INFOPLIST_FILE = ZZQRCodeTests/Info.plist;
				LD_RUNPATH_SEARCH_PATHS = "$(inherited) @executable_path/Frameworks @loader_path/Frameworks";
				PRODUCT_BUNDLE_IDENTIFIER = com.Allen.Yang.ZZQRCodeTests;
				PRODUCT_NAME = "$(TARGET_NAME)";
				TEST_HOST = "$(BUILT_PRODUCTS_DIR)/ZZQRCode.app/ZZQRCode";
			};
			name = Release;
		};
		55A5F1B71EE688CF00C39509 /* Debug */ = {
			isa = XCBuildConfiguration;
			buildSettings = {
				DEVELOPMENT_TEAM = XBD2EDB9AY;
				INFOPLIST_FILE = ZZQRCodeUITests/Info.plist;
				LD_RUNPATH_SEARCH_PATHS = "$(inherited) @executable_path/Frameworks @loader_path/Frameworks";
				PRODUCT_BUNDLE_IDENTIFIER = com.Allen.Yang.ZZQRCodeUITests;
				PRODUCT_NAME = "$(TARGET_NAME)";
				TEST_TARGET_NAME = ZZQRCode;
			};
			name = Debug;
		};
		55A5F1B81EE688CF00C39509 /* Release */ = {
			isa = XCBuildConfiguration;
			buildSettings = {
				DEVELOPMENT_TEAM = XBD2EDB9AY;
				INFOPLIST_FILE = ZZQRCodeUITests/Info.plist;
				LD_RUNPATH_SEARCH_PATHS = "$(inherited) @executable_path/Frameworks @loader_path/Frameworks";
				PRODUCT_BUNDLE_IDENTIFIER = com.Allen.Yang.ZZQRCodeUITests;
				PRODUCT_NAME = "$(TARGET_NAME)";
				TEST_TARGET_NAME = ZZQRCode;
			};
			name = Release;
		};
/* End XCBuildConfiguration section */

/* Begin XCConfigurationList section */
		55A5F17E1EE688CF00C39509 /* Build configuration list for PBXProject "ZZQRCode" */ = {
			isa = XCConfigurationList;
			buildConfigurations = (
				55A5F1AE1EE688CF00C39509 /* Debug */,
				55A5F1AF1EE688CF00C39509 /* Release */,
			);
			defaultConfigurationIsVisible = 0;
			defaultConfigurationName = Release;
		};
		55A5F1B01EE688CF00C39509 /* Build configuration list for PBXNativeTarget "ZZQRCode" */ = {
			isa = XCConfigurationList;
			buildConfigurations = (
				55A5F1B11EE688CF00C39509 /* Debug */,
				55A5F1B21EE688CF00C39509 /* Release */,
			);
			defaultConfigurationIsVisible = 0;
			defaultConfigurationName = Release;
		};
		55A5F1B31EE688CF00C39509 /* Build configuration list for PBXNativeTarget "ZZQRCodeTests" */ = {
			isa = XCConfigurationList;
			buildConfigurations = (
				55A5F1B41EE688CF00C39509 /* Debug */,
				55A5F1B51EE688CF00C39509 /* Release */,
			);
			defaultConfigurationIsVisible = 0;
			defaultConfigurationName = Release;
		};
		55A5F1B61EE688CF00C39509 /* Build configuration list for PBXNativeTarget "ZZQRCodeUITests" */ = {
			isa = XCConfigurationList;
			buildConfigurations = (
				55A5F1B71EE688CF00C39509 /* Debug */,
				55A5F1B81EE688CF00C39509 /* Release */,
			);
			defaultConfigurationIsVisible = 0;
			defaultConfigurationName = Release;
		};
/* End XCConfigurationList section */
	};
	rootObject = 55A5F17B1EE688CF00C39509 /* Project object */;
}
